// !$*UTF8*$!
{
	archiveVersion = 1;
	classes = {
	};
	objectVersion = 55;
	objects = {

/* Begin PBXBuildFile section */
		7E6C6A25C0A0D96A2DEC5308 /* Pods_Collaborative_Cinematic_Storytelling.framework in Frameworks */ = {isa = PBXBuildFile; fileRef = 41494CE18ABEC233014B09C7 /* Pods_Collaborative_Cinematic_Storytelling.framework */; };
		AB06F0042827ACB2005610FE /* Core Data Manager.swift in Sources */ = {isa = PBXBuildFile; fileRef = AB06F0032827ACB2005610FE /* Core Data Manager.swift */; };
		AB06F00828284967005610FE /* CDMarkdownKit in Frameworks */ = {isa = PBXBuildFile; productRef = AB06F00728284967005610FE /* CDMarkdownKit */; };
		AB06F00B28284B50005610FE /* Extensions.swift in Sources */ = {isa = PBXBuildFile; fileRef = AB06F00A28284B50005610FE /* Extensions.swift */; };
		AB06F00D28286295005610FE /* View.xib in Resources */ = {isa = PBXBuildFile; fileRef = AB06F00C28286295005610FE /* View.xib */; };
		AB12060E28221B4900990332 /* StoryViewModel.swift in Sources */ = {isa = PBXBuildFile; fileRef = AB12060D28221B4900990332 /* StoryViewModel.swift */; };
		AB12061128221C8400990332 /* Assets.xcassets in Resources */ = {isa = PBXBuildFile; fileRef = AB12061028221C8400990332 /* Assets.xcassets */; };
		AB5506102817B24400E6CCB4 /* Collaborative_Cinematic_StorytellingApp.swift in Sources */ = {isa = PBXBuildFile; fileRef = AB55060F2817B24400E6CCB4 /* Collaborative_Cinematic_StorytellingApp.swift */; };
		AB5506122817B24400E6CCB4 /* ContentView.swift in Sources */ = {isa = PBXBuildFile; fileRef = AB5506112817B24400E6CCB4 /* ContentView.swift */; };
		AB5506172817B24500E6CCB4 /* Preview Assets.xcassets in Resources */ = {isa = PBXBuildFile; fileRef = AB5506162817B24500E6CCB4 /* Preview Assets.xcassets */; };
		AB55061C2817B24500E6CCB4 /* Collaborative_Cinematic_Storytelling.xcdatamodeld in Sources */ = {isa = PBXBuildFile; fileRef = AB55061A2817B24500E6CCB4 /* Collaborative_Cinematic_Storytelling.xcdatamodeld */; };
		AB5506232817B29800E6CCB4 /* StoryView.swift in Sources */ = {isa = PBXBuildFile; fileRef = AB5506222817B29800E6CCB4 /* StoryView.swift */; };
		AB851F092822D26D00958D24 /* TopStoryCard.swift in Sources */ = {isa = PBXBuildFile; fileRef = AB851F082822D26D00958D24 /* TopStoryCard.swift */; };
		AB851F0B2822D2A100958D24 /* Empty Card.swift in Sources */ = {isa = PBXBuildFile; fileRef = AB851F0A2822D2A100958D24 /* Empty Card.swift */; };
		AB851F0E2822D2B700958D24 /* StoryCard.swift in Sources */ = {isa = PBXBuildFile; fileRef = AB851F0D2822D2B700958D24 /* StoryCard.swift */; };
		AB851F122822D4A600958D24 /* StoryModel.swift in Sources */ = {isa = PBXBuildFile; fileRef = AB851F112822D4A600958D24 /* StoryModel.swift */; };
/* End PBXBuildFile section */

/* Begin PBXFileReference section */
		2E162F75342DF60A6D0FAD2C /* Pods-Collaborative Cinematic Storytelling.release.xcconfig */ = {isa = PBXFileReference; includeInIndex = 1; lastKnownFileType = text.xcconfig; name = "Pods-Collaborative Cinematic Storytelling.release.xcconfig"; path = "Target Support Files/Pods-Collaborative Cinematic Storytelling/Pods-Collaborative Cinematic Storytelling.release.xcconfig"; sourceTree = "<group>"; };
		41494CE18ABEC233014B09C7 /* Pods_Collaborative_Cinematic_Storytelling.framework */ = {isa = PBXFileReference; explicitFileType = wrapper.framework; includeInIndex = 0; path = Pods_Collaborative_Cinematic_Storytelling.framework; sourceTree = BUILT_PRODUCTS_DIR; };
		792EB6AD78190D8D3C60DB5A /* Pods-Collaborative Cinematic Storytelling.debug.xcconfig */ = {isa = PBXFileReference; includeInIndex = 1; lastKnownFileType = text.xcconfig; name = "Pods-Collaborative Cinematic Storytelling.debug.xcconfig"; path = "Target Support Files/Pods-Collaborative Cinematic Storytelling/Pods-Collaborative Cinematic Storytelling.debug.xcconfig"; sourceTree = "<group>"; };
		AB06F0032827ACB2005610FE /* Core Data Manager.swift */ = {isa = PBXFileReference; fileEncoding = 4; lastKnownFileType = sourcecode.swift; path = "Core Data Manager.swift"; sourceTree = "<group>"; };
		AB06F00A28284B50005610FE /* Extensions.swift */ = {isa = PBXFileReference; fileEncoding = 4; lastKnownFileType = sourcecode.swift; path = Extensions.swift; sourceTree = "<group>"; };
		AB06F00C28286295005610FE /* View.xib */ = {isa = PBXFileReference; lastKnownFileType = file.xib; path = View.xib; sourceTree = "<group>"; };
		AB12060D28221B4900990332 /* StoryViewModel.swift */ = {isa = PBXFileReference; lastKnownFileType = sourcecode.swift; path = StoryViewModel.swift; sourceTree = "<group>"; };
		AB12061028221C8400990332 /* Assets.xcassets */ = {isa = PBXFileReference; lastKnownFileType = folder.assetcatalog; path = Assets.xcassets; sourceTree = "<group>"; };
		AB55060C2817B24400E6CCB4 /* Collaborative Cinematic Storytelling.app */ = {isa = PBXFileReference; explicitFileType = wrapper.application; includeInIndex = 0; path = "Collaborative Cinematic Storytelling.app"; sourceTree = BUILT_PRODUCTS_DIR; };
		AB55060F2817B24400E6CCB4 /* Collaborative_Cinematic_StorytellingApp.swift */ = {isa = PBXFileReference; lastKnownFileType = sourcecode.swift; path = Collaborative_Cinematic_StorytellingApp.swift; sourceTree = "<group>"; };
		AB5506112817B24400E6CCB4 /* ContentView.swift */ = {isa = PBXFileReference; lastKnownFileType = sourcecode.swift; path = ContentView.swift; sourceTree = "<group>"; };
		AB5506162817B24500E6CCB4 /* Preview Assets.xcassets */ = {isa = PBXFileReference; lastKnownFileType = folder.assetcatalog; path = "Preview Assets.xcassets"; sourceTree = "<group>"; };
		AB55061B2817B24500E6CCB4 /* Collaborative_Cinematic_Storytelling.xcdatamodel */ = {isa = PBXFileReference; lastKnownFileType = wrapper.xcdatamodel; path = Collaborative_Cinematic_Storytelling.xcdatamodel; sourceTree = "<group>"; };
		AB5506222817B29800E6CCB4 /* StoryView.swift */ = {isa = PBXFileReference; lastKnownFileType = sourcecode.swift; path = StoryView.swift; sourceTree = "<group>"; };
		AB851F082822D26D00958D24 /* TopStoryCard.swift */ = {isa = PBXFileReference; lastKnownFileType = sourcecode.swift; path = TopStoryCard.swift; sourceTree = "<group>"; };
		AB851F0A2822D2A100958D24 /* Empty Card.swift */ = {isa = PBXFileReference; lastKnownFileType = sourcecode.swift; path = "Empty Card.swift"; sourceTree = "<group>"; };
		AB851F0D2822D2B700958D24 /* StoryCard.swift */ = {isa = PBXFileReference; lastKnownFileType = sourcecode.swift; path = StoryCard.swift; sourceTree = "<group>"; };
		AB851F112822D4A600958D24 /* StoryModel.swift */ = {isa = PBXFileReference; lastKnownFileType = sourcecode.swift; path = StoryModel.swift; sourceTree = "<group>"; };
/* End PBXFileReference section */

/* Begin PBXFrameworksBuildPhase section */
		AB5506092817B24400E6CCB4 /* Frameworks */ = {
			isa = PBXFrameworksBuildPhase;
			buildActionMask = 2147483647;
			files = (
				AB06F00828284967005610FE /* CDMarkdownKit in Frameworks */,
				7E6C6A25C0A0D96A2DEC5308 /* Pods_Collaborative_Cinematic_Storytelling.framework in Frameworks */,
			);
			runOnlyForDeploymentPostprocessing = 0;
		};
/* End PBXFrameworksBuildPhase section */

/* Begin PBXGroup section */
		62D0A9C33FCE2470B3CFB02E /* Frameworks */ = {
			isa = PBXGroup;
			children = (
				41494CE18ABEC233014B09C7 /* Pods_Collaborative_Cinematic_Storytelling.framework */,
			);
			name = Frameworks;
			sourceTree = "<group>";
		};
		8BE984E9FAF762EFA09DB94C /* Pods */ = {
			isa = PBXGroup;
			children = (
				792EB6AD78190D8D3C60DB5A /* Pods-Collaborative Cinematic Storytelling.debug.xcconfig */,
				2E162F75342DF60A6D0FAD2C /* Pods-Collaborative Cinematic Storytelling.release.xcconfig */,
			);
			name = Pods;
			path = Pods;
			sourceTree = "<group>";
		};
		AB06F0052827ACBE005610FE /* Manager */ = {
			isa = PBXGroup;
			children = (
				AB06F0032827ACB2005610FE /* Core Data Manager.swift */,
			);
			path = Manager;
			sourceTree = "<group>";
		};
		AB06F00928284B42005610FE /* Extension */ = {
			isa = PBXGroup;
			children = (
				AB06F00A28284B50005610FE /* Extensions.swift */,
			);
			path = Extension;
			sourceTree = "<group>";
		};
		AB5506032817B24400E6CCB4 = {
			isa = PBXGroup;
			children = (
				AB55060E2817B24400E6CCB4 /* Collaborative Cinematic Storytelling */,
				AB55060D2817B24400E6CCB4 /* Products */,
				8BE984E9FAF762EFA09DB94C /* Pods */,
				62D0A9C33FCE2470B3CFB02E /* Frameworks */,
			);
			sourceTree = "<group>";
		};
		AB55060D2817B24400E6CCB4 /* Products */ = {
			isa = PBXGroup;
			children = (
				AB55060C2817B24400E6CCB4 /* Collaborative Cinematic Storytelling.app */,
			);
			name = Products;
			sourceTree = "<group>";
		};
		AB55060E2817B24400E6CCB4 /* Collaborative Cinematic Storytelling */ = {
			isa = PBXGroup;
			children = (
				AB06F00928284B42005610FE /* Extension */,
				AB06F0052827ACBE005610FE /* Manager */,
				AB851F0F2822D39300958D24 /* Model */,
				AB5506252817B2A900E6CCB4 /* View Model */,
				AB5506242817B29F00E6CCB4 /* Views */,
				AB5506262817B2B600E6CCB4 /* Other Files */,
				AB55060F2817B24400E6CCB4 /* Collaborative_Cinematic_StorytellingApp.swift */,
				AB5506152817B24500E6CCB4 /* Preview Content */,
				AB06F00C28286295005610FE /* View.xib */,
			);
			path = "Collaborative Cinematic Storytelling";
			sourceTree = "<group>";
		};
		AB5506152817B24500E6CCB4 /* Preview Content */ = {
			isa = PBXGroup;
			children = (
				AB5506162817B24500E6CCB4 /* Preview Assets.xcassets */,
			);
			path = "Preview Content";
			sourceTree = "<group>";
		};
		AB5506242817B29F00E6CCB4 /* Views */ = {
			isa = PBXGroup;
			children = (
				AB851F072822D25200958D24 /* Cards */,
				AB5506112817B24400E6CCB4 /* ContentView.swift */,
				AB5506222817B29800E6CCB4 /* StoryView.swift */,
			);
			path = Views;
			sourceTree = "<group>";
		};
		AB5506252817B2A900E6CCB4 /* View Model */ = {
			isa = PBXGroup;
			children = (
				AB12060D28221B4900990332 /* StoryViewModel.swift */,
			);
			path = "View Model";
			sourceTree = "<group>";
		};
		AB5506262817B2B600E6CCB4 /* Other Files */ = {
			isa = PBXGroup;
			children = (
				AB55061A2817B24500E6CCB4 /* Collaborative_Cinematic_Storytelling.xcdatamodeld */,
				AB12061028221C8400990332 /* Assets.xcassets */,
			);
			path = "Other Files";
			sourceTree = "<group>";
		};
		AB851F072822D25200958D24 /* Cards */ = {
			isa = PBXGroup;
			children = (
				AB851F082822D26D00958D24 /* TopStoryCard.swift */,
				AB851F0A2822D2A100958D24 /* Empty Card.swift */,
				AB851F0D2822D2B700958D24 /* StoryCard.swift */,
			);
			path = Cards;
			sourceTree = "<group>";
		};
		AB851F0F2822D39300958D24 /* Model */ = {
			isa = PBXGroup;
			children = (
				AB851F112822D4A600958D24 /* StoryModel.swift */,
			);
			path = Model;
			sourceTree = "<group>";
		};
/* End PBXGroup section */

/* Begin PBXNativeTarget section */
		AB55060B2817B24400E6CCB4 /* Collaborative Cinematic Storytelling */ = {
			isa = PBXNativeTarget;
			buildConfigurationList = AB55061F2817B24500E6CCB4 /* Build configuration list for PBXNativeTarget "Collaborative Cinematic Storytelling" */;
			buildPhases = (
				DEFC49E79C39CD7C202C762B /* [CP] Check Pods Manifest.lock */,
				AB5506082817B24400E6CCB4 /* Sources */,
				AB5506092817B24400E6CCB4 /* Frameworks */,
				AB55060A2817B24400E6CCB4 /* Resources */,
				5660797E6C8D085095A495DD /* [CP] Embed Pods Frameworks */,
			);
			buildRules = (
			);
			dependencies = (
			);
			name = "Collaborative Cinematic Storytelling";
			packageProductDependencies = (
				AB06F00728284967005610FE /* CDMarkdownKit */,
			);
			productName = "Collaborative Cinematic Storytelling";
			productReference = AB55060C2817B24400E6CCB4 /* Collaborative Cinematic Storytelling.app */;
			productType = "com.apple.product-type.application";
		};
/* End PBXNativeTarget section */

/* Begin PBXProject section */
		AB5506042817B24400E6CCB4 /* Project object */ = {
			isa = PBXProject;
			attributes = {
				BuildIndependentTargetsInParallel = 1;
				LastSwiftUpdateCheck = 1330;
				LastUpgradeCheck = 1330;
				TargetAttributes = {
					AB55060B2817B24400E6CCB4 = {
						CreatedOnToolsVersion = 13.3.1;
					};
				};
			};
			buildConfigurationList = AB5506072817B24400E6CCB4 /* Build configuration list for PBXProject "Collaborative Cinematic Storytelling" */;
			compatibilityVersion = "Xcode 13.0";
			developmentRegion = en;
			hasScannedForEncodings = 0;
			knownRegions = (
				en,
				Base,
			);
			mainGroup = AB5506032817B24400E6CCB4;
			packageReferences = (
				AB06F00628284967005610FE /* XCRemoteSwiftPackageReference "CDMarkdownKit.git" */,
			);
			productRefGroup = AB55060D2817B24400E6CCB4 /* Products */;
			projectDirPath = "";
			projectRoot = "";
			targets = (
				AB55060B2817B24400E6CCB4 /* Collaborative Cinematic Storytelling */,
			);
		};
/* End PBXProject section */

/* Begin PBXResourcesBuildPhase section */
		AB55060A2817B24400E6CCB4 /* Resources */ = {
			isa = PBXResourcesBuildPhase;
			buildActionMask = 2147483647;
			files = (
				AB06F00D28286295005610FE /* View.xib in Resources */,
				AB5506172817B24500E6CCB4 /* Preview Assets.xcassets in Resources */,
				AB12061128221C8400990332 /* Assets.xcassets in Resources */,
			);
			runOnlyForDeploymentPostprocessing = 0;
		};
/* End PBXResourcesBuildPhase section */

/* Begin PBXShellScriptBuildPhase section */
		5660797E6C8D085095A495DD /* [CP] Embed Pods Frameworks */ = {
			isa = PBXShellScriptBuildPhase;
			buildActionMask = 2147483647;
			files = (
			);
			inputFileListPaths = (
				"${PODS_ROOT}/Target Support Files/Pods-Collaborative Cinematic Storytelling/Pods-Collaborative Cinematic Storytelling-frameworks-${CONFIGURATION}-input-files.xcfilelist",
			);
			name = "[CP] Embed Pods Frameworks";
			outputFileListPaths = (
				"${PODS_ROOT}/Target Support Files/Pods-Collaborative Cinematic Storytelling/Pods-Collaborative Cinematic Storytelling-frameworks-${CONFIGURATION}-output-files.xcfilelist",
			);
			runOnlyForDeploymentPostprocessing = 0;
			shellPath = /bin/sh;
			shellScript = "\"${PODS_ROOT}/Target Support Files/Pods-Collaborative Cinematic Storytelling/Pods-Collaborative Cinematic Storytelling-frameworks.sh\"\n";
			showEnvVarsInLog = 0;
		};
		DEFC49E79C39CD7C202C762B /* [CP] Check Pods Manifest.lock */ = {
			isa = PBXShellScriptBuildPhase;
			buildActionMask = 2147483647;
			files = (
			);
			inputFileListPaths = (
			);
			inputPaths = (
				"${PODS_PODFILE_DIR_PATH}/Podfile.lock",
				"${PODS_ROOT}/Manifest.lock",
			);
			name = "[CP] Check Pods Manifest.lock";
			outputFileListPaths = (
			);
			outputPaths = (
				"$(DERIVED_FILE_DIR)/Pods-Collaborative Cinematic Storytelling-checkManifestLockResult.txt",
			);
			runOnlyForDeploymentPostprocessing = 0;
			shellPath = /bin/sh;
			shellScript = "diff \"${PODS_PODFILE_DIR_PATH}/Podfile.lock\" \"${PODS_ROOT}/Manifest.lock\" > /dev/null\nif [ $? != 0 ] ; then\n    # print error to STDERR\n    echo \"error: The sandbox is not in sync with the Podfile.lock. Run 'pod install' or update your CocoaPods installation.\" >&2\n    exit 1\nfi\n# This output is used by Xcode 'outputs' to avoid re-running this script phase.\necho \"SUCCESS\" > \"${SCRIPT_OUTPUT_FILE_0}\"\n";
			showEnvVarsInLog = 0;
		};
/* End PBXShellScriptBuildPhase section */

/* Begin PBXSourcesBuildPhase section */
		AB5506082817B24400E6CCB4 /* Sources */ = {
			isa = PBXSourcesBuildPhase;
			buildActionMask = 2147483647;
			files = (
				AB851F092822D26D00958D24 /* TopStoryCard.swift in Sources */,
				AB851F122822D4A600958D24 /* StoryModel.swift in Sources */,
				AB12060E28221B4900990332 /* StoryViewModel.swift in Sources */,
				AB5506232817B29800E6CCB4 /* StoryView.swift in Sources */,
				AB851F0E2822D2B700958D24 /* StoryCard.swift in Sources */,
				AB06F0042827ACB2005610FE /* Core Data Manager.swift in Sources */,
				AB851F0B2822D2A100958D24 /* Empty Card.swift in Sources */,
				AB5506122817B24400E6CCB4 /* ContentView.swift in Sources */,
				AB5506102817B24400E6CCB4 /* Collaborative_Cinematic_StorytellingApp.swift in Sources */,
				AB06F00B28284B50005610FE /* Extensions.swift in Sources */,
				AB55061C2817B24500E6CCB4 /* Collaborative_Cinematic_Storytelling.xcdatamodeld in Sources */,
			);
			runOnlyForDeploymentPostprocessing = 0;
		};
/* End PBXSourcesBuildPhase section */

/* Begin XCBuildConfiguration section */
		AB55061D2817B24500E6CCB4 /* Debug */ = {
			isa = XCBuildConfiguration;
			buildSettings = {
				ALWAYS_SEARCH_USER_PATHS = NO;
				CLANG_ANALYZER_NONNULL = YES;
				CLANG_ANALYZER_NUMBER_OBJECT_CONVERSION = YES_AGGRESSIVE;
				CLANG_CXX_LANGUAGE_STANDARD = "gnu++17";
				CLANG_ENABLE_MODULES = YES;
				CLANG_ENABLE_OBJC_ARC = YES;
				CLANG_ENABLE_OBJC_WEAK = YES;
				CLANG_WARN_BLOCK_CAPTURE_AUTORELEASING = YES;
				CLANG_WARN_BOOL_CONVERSION = YES;
				CLANG_WARN_COMMA = YES;
				CLANG_WARN_CONSTANT_CONVERSION = YES;
				CLANG_WARN_DEPRECATED_OBJC_IMPLEMENTATIONS = YES;
				CLANG_WARN_DIRECT_OBJC_ISA_USAGE = YES_ERROR;
				CLANG_WARN_DOCUMENTATION_COMMENTS = YES;
				CLANG_WARN_EMPTY_BODY = YES;
				CLANG_WARN_ENUM_CONVERSION = YES;
				CLANG_WARN_INFINITE_RECURSION = YES;
				CLANG_WARN_INT_CONVERSION = YES;
				CLANG_WARN_NON_LITERAL_NULL_CONVERSION = YES;
				CLANG_WARN_OBJC_IMPLICIT_RETAIN_SELF = YES;
				CLANG_WARN_OBJC_LITERAL_CONVERSION = YES;
				CLANG_WARN_OBJC_ROOT_CLASS = YES_ERROR;
				CLANG_WARN_QUOTED_INCLUDE_IN_FRAMEWORK_HEADER = YES;
				CLANG_WARN_RANGE_LOOP_ANALYSIS = YES;
				CLANG_WARN_STRICT_PROTOTYPES = YES;
				CLANG_WARN_SUSPICIOUS_MOVE = YES;
				CLANG_WARN_UNGUARDED_AVAILABILITY = YES_AGGRESSIVE;
				CLANG_WARN_UNREACHABLE_CODE = YES;
				CLANG_WARN__DUPLICATE_METHOD_MATCH = YES;
				COPY_PHASE_STRIP = NO;
				DEBUG_INFORMATION_FORMAT = dwarf;
				ENABLE_STRICT_OBJC_MSGSEND = YES;
				ENABLE_TESTABILITY = YES;
				GCC_C_LANGUAGE_STANDARD = gnu11;
				GCC_DYNAMIC_NO_PIC = NO;
				GCC_NO_COMMON_BLOCKS = YES;
				GCC_OPTIMIZATION_LEVEL = 0;
				GCC_PREPROCESSOR_DEFINITIONS = (
					"DEBUG=1",
					"$(inherited)",
				);
				GCC_WARN_64_TO_32_BIT_CONVERSION = YES;
				GCC_WARN_ABOUT_RETURN_TYPE = YES_ERROR;
				GCC_WARN_UNDECLARED_SELECTOR = YES;
				GCC_WARN_UNINITIALIZED_AUTOS = YES_AGGRESSIVE;
				GCC_WARN_UNUSED_FUNCTION = YES;
				GCC_WARN_UNUSED_VARIABLE = YES;
				IPHONEOS_DEPLOYMENT_TARGET = 15.4;
				MTL_ENABLE_DEBUG_INFO = INCLUDE_SOURCE;
				MTL_FAST_MATH = YES;
				ONLY_ACTIVE_ARCH = YES;
				SDKROOT = iphoneos;
				SWIFT_ACTIVE_COMPILATION_CONDITIONS = DEBUG;
				SWIFT_OPTIMIZATION_LEVEL = "-Onone";
			};
			name = Debug;
		};
		AB55061E2817B24500E6CCB4 /* Release */ = {
			isa = XCBuildConfiguration;
			buildSettings = {
				ALWAYS_SEARCH_USER_PATHS = NO;
				CLANG_ANALYZER_NONNULL = YES;
				CLANG_ANALYZER_NUMBER_OBJECT_CONVERSION = YES_AGGRESSIVE;
				CLANG_CXX_LANGUAGE_STANDARD = "gnu++17";
				CLANG_ENABLE_MODULES = YES;
				CLANG_ENABLE_OBJC_ARC = YES;
				CLANG_ENABLE_OBJC_WEAK = YES;
				CLANG_WARN_BLOCK_CAPTURE_AUTORELEASING = YES;
				CLANG_WARN_BOOL_CONVERSION = YES;
				CLANG_WARN_COMMA = YES;
				CLANG_WARN_CONSTANT_CONVERSION = YES;
				CLANG_WARN_DEPRECATED_OBJC_IMPLEMENTATIONS = YES;
				CLANG_WARN_DIRECT_OBJC_ISA_USAGE = YES_ERROR;
				CLANG_WARN_DOCUMENTATION_COMMENTS = YES;
				CLANG_WARN_EMPTY_BODY = YES;
				CLANG_WARN_ENUM_CONVERSION = YES;
				CLANG_WARN_INFINITE_RECURSION = YES;
				CLANG_WARN_INT_CONVERSION = YES;
				CLANG_WARN_NON_LITERAL_NULL_CONVERSION = YES;
				CLANG_WARN_OBJC_IMPLICIT_RETAIN_SELF = YES;
				CLANG_WARN_OBJC_LITERAL_CONVERSION = YES;
				CLANG_WARN_OBJC_ROOT_CLASS = YES_ERROR;
				CLANG_WARN_QUOTED_INCLUDE_IN_FRAMEWORK_HEADER = YES;
				CLANG_WARN_RANGE_LOOP_ANALYSIS = YES;
				CLANG_WARN_STRICT_PROTOTYPES = YES;
				CLANG_WARN_SUSPICIOUS_MOVE = YES;
				CLANG_WARN_UNGUARDED_AVAILABILITY = YES_AGGRESSIVE;
				CLANG_WARN_UNREACHABLE_CODE = YES;
				CLANG_WARN__DUPLICATE_METHOD_MATCH = YES;
				COPY_PHASE_STRIP = NO;
				DEBUG_INFORMATION_FORMAT = "dwarf-with-dsym";
				ENABLE_NS_ASSERTIONS = NO;
				ENABLE_STRICT_OBJC_MSGSEND = YES;
				GCC_C_LANGUAGE_STANDARD = gnu11;
				GCC_NO_COMMON_BLOCKS = YES;
				GCC_WARN_64_TO_32_BIT_CONVERSION = YES;
				GCC_WARN_ABOUT_RETURN_TYPE = YES_ERROR;
				GCC_WARN_UNDECLARED_SELECTOR = YES;
				GCC_WARN_UNINITIALIZED_AUTOS = YES_AGGRESSIVE;
				GCC_WARN_UNUSED_FUNCTION = YES;
				GCC_WARN_UNUSED_VARIABLE = YES;
				IPHONEOS_DEPLOYMENT_TARGET = 15.4;
				MTL_ENABLE_DEBUG_INFO = NO;
				MTL_FAST_MATH = YES;
				SDKROOT = iphoneos;
				SWIFT_COMPILATION_MODE = wholemodule;
				SWIFT_OPTIMIZATION_LEVEL = "-O";
				VALIDATE_PRODUCT = YES;
			};
			name = Release;
		};
		AB5506202817B24500E6CCB4 /* Debug */ = {
			isa = XCBuildConfiguration;
			baseConfigurationReference = 792EB6AD78190D8D3C60DB5A /* Pods-Collaborative Cinematic Storytelling.debug.xcconfig */;
			buildSettings = {
				ASSETCATALOG_COMPILER_APPICON_NAME = AppIcon;
				ASSETCATALOG_COMPILER_GLOBAL_ACCENT_COLOR_NAME = AccentColor;
				CODE_SIGN_STYLE = Automatic;
				CURRENT_PROJECT_VERSION = 1;
				DEVELOPMENT_ASSET_PATHS = "\"Collaborative Cinematic Storytelling/Preview Content\"";
				DEVELOPMENT_TEAM = U9L575X827;
				ENABLE_PREVIEWS = YES;
				GENERATE_INFOPLIST_FILE = YES;
				INFOPLIST_KEY_UIApplicationSceneManifest_Generation = YES;
				INFOPLIST_KEY_UIApplicationSupportsIndirectInputEvents = YES;
				INFOPLIST_KEY_UILaunchScreen_Generation = YES;
				INFOPLIST_KEY_UISupportedInterfaceOrientations = "UIInterfaceOrientationLandscapeRight UIInterfaceOrientationLandscapeLeft";
				INFOPLIST_KEY_UISupportedInterfaceOrientations_iPad = "UIInterfaceOrientationLandscapeLeft UIInterfaceOrientationLandscapeRight";
				INFOPLIST_KEY_UISupportedInterfaceOrientations_iPhone = "UIInterfaceOrientationLandscapeLeft UIInterfaceOrientationLandscapeRight";
				LD_RUNPATH_SEARCH_PATHS = (
					"$(inherited)",
					"@executable_path/Frameworks",
				);
				MARKETING_VERSION = 1.0;
				PRODUCT_BUNDLE_IDENTIFIER = "com.Collaborative-Cinematic-Storytelling";
				PRODUCT_NAME = "$(TARGET_NAME)";
				SWIFT_EMIT_LOC_STRINGS = YES;
				SWIFT_VERSION = 5.0;
				TARGETED_DEVICE_FAMILY = "1,2";
			};
			name = Debug;
		};
		AB5506212817B24500E6CCB4 /* Release */ = {
			isa = XCBuildConfiguration;
			baseConfigurationReference = 2E162F75342DF60A6D0FAD2C /* Pods-Collaborative Cinematic Storytelling.release.xcconfig */;
			buildSettings = {
				ASSETCATALOG_COMPILER_APPICON_NAME = AppIcon;
				ASSETCATALOG_COMPILER_GLOBAL_ACCENT_COLOR_NAME = AccentColor;
				CODE_SIGN_STYLE = Automatic;
				CURRENT_PROJECT_VERSION = 1;
				DEVELOPMENT_ASSET_PATHS = "\"Collaborative Cinematic Storytelling/Preview Content\"";
				DEVELOPMENT_TEAM = U9L575X827;
				ENABLE_PREVIEWS = YES;
				GENERATE_INFOPLIST_FILE = YES;
				INFOPLIST_KEY_UIApplicationSceneManifest_Generation = YES;
				INFOPLIST_KEY_UIApplicationSupportsIndirectInputEvents = YES;
				INFOPLIST_KEY_UILaunchScreen_Generation = YES;
				INFOPLIST_KEY_UISupportedInterfaceOrientations = "UIInterfaceOrientationLandscapeRight UIInterfaceOrientationLandscapeLeft";
				INFOPLIST_KEY_UISupportedInterfaceOrientations_iPad = "UIInterfaceOrientationLandscapeLeft UIInterfaceOrientationLandscapeRight";
				INFOPLIST_KEY_UISupportedInterfaceOrientations_iPhone = "UIInterfaceOrientationLandscapeLeft UIInterfaceOrientationLandscapeRight";
				LD_RUNPATH_SEARCH_PATHS = (
					"$(inherited)",
					"@executable_path/Frameworks",
				);
				MARKETING_VERSION = 1.0;
				PRODUCT_BUNDLE_IDENTIFIER = "com.Collaborative-Cinematic-Storytelling";
				PRODUCT_NAME = "$(TARGET_NAME)";
				SWIFT_EMIT_LOC_STRINGS = YES;
				SWIFT_VERSION = 5.0;
				TARGETED_DEVICE_FAMILY = "1,2";
			};
			name = Release;
		};
/* End XCBuildConfiguration section */

/* Begin XCConfigurationList section */
		AB5506072817B24400E6CCB4 /* Build configuration list for PBXProject "Collaborative Cinematic Storytelling" */ = {
			isa = XCConfigurationList;
			buildConfigurations = (
				AB55061D2817B24500E6CCB4 /* Debug */,
				AB55061E2817B24500E6CCB4 /* Release */,
			);
			defaultConfigurationIsVisible = 0;
			defaultConfigurationName = Release;
		};
		AB55061F2817B24500E6CCB4 /* Build configuration list for PBXNativeTarget "Collaborative Cinematic Storytelling" */ = {
			isa = XCConfigurationList;
			buildConfigurations = (
				AB5506202817B24500E6CCB4 /* Debug */,
				AB5506212817B24500E6CCB4 /* Release */,
			);
			defaultConfigurationIsVisible = 0;
			defaultConfigurationName = Release;
		};
/* End XCConfigurationList section */

/* Begin XCRemoteSwiftPackageReference section */
		AB06F00628284967005610FE /* XCRemoteSwiftPackageReference "CDMarkdownKit.git" */ = {
			isa = XCRemoteSwiftPackageReference;
			repositoryURL = "https://github.com/chrisdhaan/CDMarkdownKit.git";
			requirement = {
				kind = upToNextMajorVersion;
				minimumVersion = 2.0.0;
			};
		};
/* End XCRemoteSwiftPackageReference section */

/* Begin XCSwiftPackageProductDependency section */
		AB06F00728284967005610FE /* CDMarkdownKit */ = {
			isa = XCSwiftPackageProductDependency;
			package = AB06F00628284967005610FE /* XCRemoteSwiftPackageReference "CDMarkdownKit.git" */;
			productName = CDMarkdownKit;
		};
/* End XCSwiftPackageProductDependency section */

/* Begin XCVersionGroup section */
		AB55061A2817B24500E6CCB4 /* Collaborative_Cinematic_Storytelling.xcdatamodeld */ = {
			isa = XCVersionGroup;
			children = (
				AB55061B2817B24500E6CCB4 /* Collaborative_Cinematic_Storytelling.xcdatamodel */,
			);
			currentVersion = AB55061B2817B24500E6CCB4 /* Collaborative_Cinematic_Storytelling.xcdatamodel */;
			path = Collaborative_Cinematic_Storytelling.xcdatamodeld;
			sourceTree = "<group>";
			versionGroupType = wrapper.xcdatamodel;
		};
/* End XCVersionGroup section */
	};
	rootObject = AB5506042817B24400E6CCB4 /* Project object */;
}
